// !$*UTF8*$!
{
	archiveVersion = 1;
	classes = {
	};
	objectVersion = 56;
	objects = {

/* Begin PBXBuildFile section */
		BB7C0BAF2A083CAE00D44CA8 /* API in Frameworks */ = {isa = PBXBuildFile; productRef = BB7C0BAE2A083CAE00D44CA8 /* API */; };
		BB8752F22A07F34A00F523E1 /* ErrorAlertModifier.swift in Sources */ = {isa = PBXBuildFile; fileRef = BB8752F12A07F34A00F523E1 /* ErrorAlertModifier.swift */; };
		BB8752F42A07F4AB00F523E1 /* Binding+Extensions.swift in Sources */ = {isa = PBXBuildFile; fileRef = BB8752F32A07F4AB00F523E1 /* Binding+Extensions.swift */; };
		BB8752F62A07F64E00F523E1 /* Task+Extensions.swift in Sources */ = {isa = PBXBuildFile; fileRef = BB8752F52A07F64E00F523E1 /* Task+Extensions.swift */; };
		BB8752F82A07FA1800F523E1 /* AwaitAndCatchModifier.swift in Sources */ = {isa = PBXBuildFile; fileRef = BB8752F72A07FA1800F523E1 /* AwaitAndCatchModifier.swift */; };
		BB8752FA2A0812DB00F523E1 /* SetContentBackgroundModifier.swift in Sources */ = {isa = PBXBuildFile; fileRef = BB8752F92A0812DB00F523E1 /* SetContentBackgroundModifier.swift */; };
		BB8752FD2A08199E00F523E1 /* SettingsView.swift in Sources */ = {isa = PBXBuildFile; fileRef = BB8752FC2A08199E00F523E1 /* SettingsView.swift */; };
		BB8753012A081B0B00F523E1 /* SettingsTabModifier.swift in Sources */ = {isa = PBXBuildFile; fileRef = BB8753002A081B0B00F523E1 /* SettingsTabModifier.swift */; };
		BBA3380C2A00391F0070F91E /* SmartStocksApp.swift in Sources */ = {isa = PBXBuildFile; fileRef = BBA3380B2A00391F0070F91E /* SmartStocksApp.swift */; };
		BBA338102A0039210070F91E /* Assets.xcassets in Resources */ = {isa = PBXBuildFile; fileRef = BBA3380F2A0039210070F91E /* Assets.xcassets */; };
		BBA338142A0039210070F91E /* Preview Assets.xcassets in Resources */ = {isa = PBXBuildFile; fileRef = BBA338132A0039210070F91E /* Preview Assets.xcassets */; };
		BBA3381D2A005E700070F91E /* StockServices in Frameworks */ = {isa = PBXBuildFile; productRef = BBA3381C2A005E700070F91E /* StockServices */; };
		BBA338242A00AC630070F91E /* WatchlistView.swift in Sources */ = {isa = PBXBuildFile; fileRef = BBA338232A00AC630070F91E /* WatchlistView.swift */; };
		BBA338262A00AC7F0070F91E /* WatchlistViewModel.swift in Sources */ = {isa = PBXBuildFile; fileRef = BBA338252A00AC7F0070F91E /* WatchlistViewModel.swift */; };
		BBA338292A00B5AA0070F91E /* Double+Extensions.swift in Sources */ = {isa = PBXBuildFile; fileRef = BBA338282A00B5AA0070F91E /* Double+Extensions.swift */; };
		BBA3382B2A00BBBB0070F91E /* PreviewStocksRepository.swift in Sources */ = {isa = PBXBuildFile; fileRef = BBA3382A2A00BBBB0070F91E /* PreviewStocksRepository.swift */; };
		BBA338302A01453F0070F91E /* CompanyDetailsView.swift in Sources */ = {isa = PBXBuildFile; fileRef = BBA3382F2A01453F0070F91E /* CompanyDetailsView.swift */; };
		BBA338322A015EBE0070F91E /* CompanyDetailsViewModel.swift in Sources */ = {isa = PBXBuildFile; fileRef = BBA338312A015EBE0070F91E /* CompanyDetailsViewModel.swift */; };
		BBA338352A0165A60070F91E /* SkeletonPlaceholderModifier.swift in Sources */ = {isa = PBXBuildFile; fileRef = BBA338342A0165A60070F91E /* SkeletonPlaceholderModifier.swift */; };
		BBA338392A019BF40070F91E /* ServiceProvider.swift in Sources */ = {isa = PBXBuildFile; fileRef = BBA338382A019BF40070F91E /* ServiceProvider.swift */; };
		BBA3383B2A019D130070F91E /* ProcessInfo+Extensions.swift in Sources */ = {isa = PBXBuildFile; fileRef = BBA3383A2A019D130070F91E /* ProcessInfo+Extensions.swift */; };
		BBA338532A01CE330070F91E /* CompanyImageView.swift in Sources */ = {isa = PBXBuildFile; fileRef = BBA338522A01CE330070F91E /* CompanyImageView.swift */; };
		BBA338552A01CFC10070F91E /* SwiftSVG in Frameworks */ = {isa = PBXBuildFile; productRef = BBA338542A01CFC10070F91E /* SwiftSVG */; };
		BBA3385C2A02CBB40070F91E /* SearchController.swift in Sources */ = {isa = PBXBuildFile; fileRef = BBA3385B2A02CBB40070F91E /* SearchController.swift */; };
		BBBC188E2A048AAD00ACE767 /* WatchlistRow.swift in Sources */ = {isa = PBXBuildFile; fileRef = BBBC188D2A048AAD00ACE767 /* WatchlistRow.swift */; };
		BBBC18902A048C0000ACE767 /* SearchlistRow.swift in Sources */ = {isa = PBXBuildFile; fileRef = BBBC188F2A048C0000ACE767 /* SearchlistRow.swift */; };
/* End PBXBuildFile section */

/* Begin PBXFileReference section */
		BB8752F12A07F34A00F523E1 /* ErrorAlertModifier.swift */ = {isa = PBXFileReference; lastKnownFileType = sourcecode.swift; path = ErrorAlertModifier.swift; sourceTree = "<group>"; };
		BB8752F32A07F4AB00F523E1 /* Binding+Extensions.swift */ = {isa = PBXFileReference; lastKnownFileType = sourcecode.swift; path = "Binding+Extensions.swift"; sourceTree = "<group>"; };
		BB8752F52A07F64E00F523E1 /* Task+Extensions.swift */ = {isa = PBXFileReference; lastKnownFileType = sourcecode.swift; path = "Task+Extensions.swift"; sourceTree = "<group>"; };
		BB8752F72A07FA1800F523E1 /* AwaitAndCatchModifier.swift */ = {isa = PBXFileReference; fileEncoding = 4; lastKnownFileType = sourcecode.swift; path = AwaitAndCatchModifier.swift; sourceTree = "<group>"; };
		BB8752F92A0812DB00F523E1 /* SetContentBackgroundModifier.swift */ = {isa = PBXFileReference; lastKnownFileType = sourcecode.swift; path = SetContentBackgroundModifier.swift; sourceTree = "<group>"; };
		BB8752FC2A08199E00F523E1 /* SettingsView.swift */ = {isa = PBXFileReference; lastKnownFileType = sourcecode.swift; path = SettingsView.swift; sourceTree = "<group>"; };
		BB8753002A081B0B00F523E1 /* SettingsTabModifier.swift */ = {isa = PBXFileReference; lastKnownFileType = sourcecode.swift; path = SettingsTabModifier.swift; sourceTree = "<group>"; };
		BB8753022A08346800F523E1 /* API */ = {isa = PBXFileReference; lastKnownFileType = wrapper; path = API; sourceTree = "<group>"; };
		BBA338082A00391F0070F91E /* SmartStocks.app */ = {isa = PBXFileReference; explicitFileType = wrapper.application; includeInIndex = 0; path = SmartStocks.app; sourceTree = BUILT_PRODUCTS_DIR; };
		BBA3380B2A00391F0070F91E /* SmartStocksApp.swift */ = {isa = PBXFileReference; lastKnownFileType = sourcecode.swift; path = SmartStocksApp.swift; sourceTree = "<group>"; };
		BBA3380F2A0039210070F91E /* Assets.xcassets */ = {isa = PBXFileReference; lastKnownFileType = folder.assetcatalog; path = Assets.xcassets; sourceTree = "<group>"; };
		BBA338112A0039210070F91E /* SmartStocks.entitlements */ = {isa = PBXFileReference; lastKnownFileType = text.plist.entitlements; path = SmartStocks.entitlements; sourceTree = "<group>"; };
		BBA338132A0039210070F91E /* Preview Assets.xcassets */ = {isa = PBXFileReference; lastKnownFileType = folder.assetcatalog; path = "Preview Assets.xcassets"; sourceTree = "<group>"; };
		BBA3381A2A005E550070F91E /* StockServices */ = {isa = PBXFileReference; lastKnownFileType = wrapper; path = StockServices; sourceTree = "<group>"; };
		BBA338232A00AC630070F91E /* WatchlistView.swift */ = {isa = PBXFileReference; lastKnownFileType = sourcecode.swift; path = WatchlistView.swift; sourceTree = "<group>"; };
		BBA338252A00AC7F0070F91E /* WatchlistViewModel.swift */ = {isa = PBXFileReference; lastKnownFileType = sourcecode.swift; path = WatchlistViewModel.swift; sourceTree = "<group>"; };
		BBA338282A00B5AA0070F91E /* Double+Extensions.swift */ = {isa = PBXFileReference; lastKnownFileType = sourcecode.swift; path = "Double+Extensions.swift"; sourceTree = "<group>"; };
		BBA3382A2A00BBBB0070F91E /* PreviewStocksRepository.swift */ = {isa = PBXFileReference; lastKnownFileType = sourcecode.swift; path = PreviewStocksRepository.swift; sourceTree = "<group>"; };
		BBA3382F2A01453F0070F91E /* CompanyDetailsView.swift */ = {isa = PBXFileReference; lastKnownFileType = sourcecode.swift; path = CompanyDetailsView.swift; sourceTree = "<group>"; };
		BBA338312A015EBE0070F91E /* CompanyDetailsViewModel.swift */ = {isa = PBXFileReference; lastKnownFileType = sourcecode.swift; path = CompanyDetailsViewModel.swift; sourceTree = "<group>"; };
		BBA338342A0165A60070F91E /* SkeletonPlaceholderModifier.swift */ = {isa = PBXFileReference; lastKnownFileType = sourcecode.swift; path = SkeletonPlaceholderModifier.swift; sourceTree = "<group>"; };
		BBA338382A019BF40070F91E /* ServiceProvider.swift */ = {isa = PBXFileReference; lastKnownFileType = sourcecode.swift; path = ServiceProvider.swift; sourceTree = "<group>"; };
		BBA3383A2A019D130070F91E /* ProcessInfo+Extensions.swift */ = {isa = PBXFileReference; lastKnownFileType = sourcecode.swift; path = "ProcessInfo+Extensions.swift"; sourceTree = "<group>"; };
		BBA338522A01CE330070F91E /* CompanyImageView.swift */ = {isa = PBXFileReference; lastKnownFileType = sourcecode.swift; path = CompanyImageView.swift; sourceTree = "<group>"; };
		BBA3385B2A02CBB40070F91E /* SearchController.swift */ = {isa = PBXFileReference; lastKnownFileType = sourcecode.swift; path = SearchController.swift; sourceTree = "<group>"; };
		BBBC188D2A048AAD00ACE767 /* WatchlistRow.swift */ = {isa = PBXFileReference; lastKnownFileType = sourcecode.swift; path = WatchlistRow.swift; sourceTree = "<group>"; };
		BBBC188F2A048C0000ACE767 /* SearchlistRow.swift */ = {isa = PBXFileReference; lastKnownFileType = sourcecode.swift; path = SearchlistRow.swift; sourceTree = "<group>"; };
/* End PBXFileReference section */

/* Begin PBXFrameworksBuildPhase section */
		BBA338052A00391F0070F91E /* Frameworks */ = {
			isa = PBXFrameworksBuildPhase;
			buildActionMask = 2147483647;
			files = (
				BB7C0BAF2A083CAE00D44CA8 /* API in Frameworks */,
				BBA3381D2A005E700070F91E /* StockServices in Frameworks */,
				BBA338552A01CFC10070F91E /* SwiftSVG in Frameworks */,
			);
			runOnlyForDeploymentPostprocessing = 0;
		};
/* End PBXFrameworksBuildPhase section */

/* Begin PBXGroup section */
		BB8752FB2A08198900F523E1 /* Settings */ = {
			isa = PBXGroup;
			children = (
				BB8752FC2A08199E00F523E1 /* SettingsView.swift */,
			);
			path = Settings;
			sourceTree = "<group>";
		};
		BBA337FF2A00391F0070F91E = {
			isa = PBXGroup;
			children = (
				BB8753022A08346800F523E1 /* API */,
				BBA3381A2A005E550070F91E /* StockServices */,
				BBA3380A2A00391F0070F91E /* SmartStocks */,
				BBA338092A00391F0070F91E /* Products */,
				BBA3381B2A005E700070F91E /* Frameworks */,
			);
			sourceTree = "<group>";
		};
		BBA338092A00391F0070F91E /* Products */ = {
			isa = PBXGroup;
			children = (
				BBA338082A00391F0070F91E /* SmartStocks.app */,
			);
			name = Products;
			sourceTree = "<group>";
		};
		BBA3380A2A00391F0070F91E /* SmartStocks */ = {
			isa = PBXGroup;
			children = (
				BBA338112A0039210070F91E /* SmartStocks.entitlements */,
				BBA338572A02C68E0070F91E /* App */,
				BBA338332A0165930070F91E /* ViewModifiers */,
				BBA338272A00B5910070F91E /* Extensions */,
				BBA338212A00AC430070F91E /* Scenes */,
				BBA3380F2A0039210070F91E /* Assets.xcassets */,
				BBA338122A0039210070F91E /* Preview Content */,
				BBA3385B2A02CBB40070F91E /* SearchController.swift */,
			);
			path = SmartStocks;
			sourceTree = "<group>";
		};
		BBA338122A0039210070F91E /* Preview Content */ = {
			isa = PBXGroup;
			children = (
				BBA338132A0039210070F91E /* Preview Assets.xcassets */,
				BBA3382A2A00BBBB0070F91E /* PreviewStocksRepository.swift */,
			);
			path = "Preview Content";
			sourceTree = "<group>";
		};
		BBA3381B2A005E700070F91E /* Frameworks */ = {
			isa = PBXGroup;
			children = (
			);
			name = Frameworks;
			sourceTree = "<group>";
		};
		BBA338212A00AC430070F91E /* Scenes */ = {
			isa = PBXGroup;
			children = (
				BB8752FB2A08198900F523E1 /* Settings */,
				BBA338222A00AC4B0070F91E /* Watchlist */,
				BBA3382E2A0145290070F91E /* CompanyDetails */,
			);
			path = Scenes;
			sourceTree = "<group>";
		};
		BBA338222A00AC4B0070F91E /* Watchlist */ = {
			isa = PBXGroup;
			children = (
				BBBC188C2A048A9B00ACE767 /* Views */,
				BBA338232A00AC630070F91E /* WatchlistView.swift */,
				BBA338252A00AC7F0070F91E /* WatchlistViewModel.swift */,
			);
			path = Watchlist;
			sourceTree = "<group>";
		};
		BBA338272A00B5910070F91E /* Extensions */ = {
			isa = PBXGroup;
			children = (
				BBA338282A00B5AA0070F91E /* Double+Extensions.swift */,
				BBA3383A2A019D130070F91E /* ProcessInfo+Extensions.swift */,
				BB8752F32A07F4AB00F523E1 /* Binding+Extensions.swift */,
				BB8752F52A07F64E00F523E1 /* Task+Extensions.swift */,
			);
			path = Extensions;
			sourceTree = "<group>";
		};
		BBA3382E2A0145290070F91E /* CompanyDetails */ = {
			isa = PBXGroup;
			children = (
				BBA338562A01D2240070F91E /* Views */,
				BBA3382F2A01453F0070F91E /* CompanyDetailsView.swift */,
				BBA338312A015EBE0070F91E /* CompanyDetailsViewModel.swift */,
			);
			path = CompanyDetails;
			sourceTree = "<group>";
		};
		BBA338332A0165930070F91E /* ViewModifiers */ = {
			isa = PBXGroup;
			children = (
				BBA338342A0165A60070F91E /* SkeletonPlaceholderModifier.swift */,
				BB8752F72A07FA1800F523E1 /* AwaitAndCatchModifier.swift */,
				BB8752F12A07F34A00F523E1 /* ErrorAlertModifier.swift */,
				BB8752F92A0812DB00F523E1 /* SetContentBackgroundModifier.swift */,
				BB8753002A081B0B00F523E1 /* SettingsTabModifier.swift */,
			);
			path = ViewModifiers;
			sourceTree = "<group>";
		};
		BBA338562A01D2240070F91E /* Views */ = {
			isa = PBXGroup;
			children = (
				BBA338522A01CE330070F91E /* CompanyImageView.swift */,
			);
			path = Views;
			sourceTree = "<group>";
		};
		BBA338572A02C68E0070F91E /* App */ = {
			isa = PBXGroup;
			children = (
				BBA338382A019BF40070F91E /* ServiceProvider.swift */,
				BBA3380B2A00391F0070F91E /* SmartStocksApp.swift */,
			);
			path = App;
			sourceTree = "<group>";
		};
		BBBC188C2A048A9B00ACE767 /* Views */ = {
			isa = PBXGroup;
			children = (
				BBBC188D2A048AAD00ACE767 /* WatchlistRow.swift */,
				BBBC188F2A048C0000ACE767 /* SearchlistRow.swift */,
			);
			path = Views;
			sourceTree = "<group>";
		};
/* End PBXGroup section */

/* Begin PBXNativeTarget section */
		BBA338072A00391F0070F91E /* SmartStocks */ = {
			isa = PBXNativeTarget;
			buildConfigurationList = BBA338172A0039210070F91E /* Build configuration list for PBXNativeTarget "SmartStocks" */;
			buildPhases = (
				BBA338042A00391F0070F91E /* Sources */,
				BBA338052A00391F0070F91E /* Frameworks */,
				BBA338062A00391F0070F91E /* Resources */,
			);
			buildRules = (
			);
			dependencies = (
			);
			name = SmartStocks;
			packageProductDependencies = (
				BBA3381C2A005E700070F91E /* StockServices */,
				BBA338542A01CFC10070F91E /* SwiftSVG */,
				BB7C0BAE2A083CAE00D44CA8 /* API */,
			);
			productName = SmartStocks;
			productReference = BBA338082A00391F0070F91E /* SmartStocks.app */;
			productType = "com.apple.product-type.application";
		};
/* End PBXNativeTarget section */

/* Begin PBXProject section */
		BBA338002A00391F0070F91E /* Project object */ = {
			isa = PBXProject;
			attributes = {
				BuildIndependentTargetsInParallel = 1;
				LastSwiftUpdateCheck = 1430;
				LastUpgradeCheck = 1430;
				TargetAttributes = {
					BBA338072A00391F0070F91E = {
						CreatedOnToolsVersion = 14.3;
					};
				};
			};
			buildConfigurationList = BBA338032A00391F0070F91E /* Build configuration list for PBXProject "SmartStocks" */;
			compatibilityVersion = "Xcode 14.0";
			developmentRegion = en;
			hasScannedForEncodings = 0;
			knownRegions = (
				en,
				Base,
			);
			mainGroup = BBA337FF2A00391F0070F91E;
			packageReferences = (
				BBA338512A01CE140070F91E /* XCRemoteSwiftPackageReference "SwiftSVG" */,
			);
			productRefGroup = BBA338092A00391F0070F91E /* Products */;
			projectDirPath = "";
			projectRoot = "";
			targets = (
				BBA338072A00391F0070F91E /* SmartStocks */,
			);
		};
/* End PBXProject section */

/* Begin PBXResourcesBuildPhase section */
		BBA338062A00391F0070F91E /* Resources */ = {
			isa = PBXResourcesBuildPhase;
			buildActionMask = 2147483647;
			files = (
				BBA338142A0039210070F91E /* Preview Assets.xcassets in Resources */,
				BBA338102A0039210070F91E /* Assets.xcassets in Resources */,
			);
			runOnlyForDeploymentPostprocessing = 0;
		};
/* End PBXResourcesBuildPhase section */

/* Begin PBXSourcesBuildPhase section */
		BBA338042A00391F0070F91E /* Sources */ = {
			isa = PBXSourcesBuildPhase;
			buildActionMask = 2147483647;
			files = (
				BBA338302A01453F0070F91E /* CompanyDetailsView.swift in Sources */,
				BBA338392A019BF40070F91E /* ServiceProvider.swift in Sources */,
				BBA338262A00AC7F0070F91E /* WatchlistViewModel.swift in Sources */,
				BB8752FA2A0812DB00F523E1 /* SetContentBackgroundModifier.swift in Sources */,
				BBA3385C2A02CBB40070F91E /* SearchController.swift in Sources */,
				BB8753012A081B0B00F523E1 /* SettingsTabModifier.swift in Sources */,
				BB8752FD2A08199E00F523E1 /* SettingsView.swift in Sources */,
				BB8752F22A07F34A00F523E1 /* ErrorAlertModifier.swift in Sources */,
				BBBC188E2A048AAD00ACE767 /* WatchlistRow.swift in Sources */,
				BBA3382B2A00BBBB0070F91E /* PreviewStocksRepository.swift in Sources */,
				BB8752F82A07FA1800F523E1 /* AwaitAndCatchModifier.swift in Sources */,
				BBA338242A00AC630070F91E /* WatchlistView.swift in Sources */,
				BB8752F42A07F4AB00F523E1 /* Binding+Extensions.swift in Sources */,
				BBA338322A015EBE0070F91E /* CompanyDetailsViewModel.swift in Sources */,
				BB8752F62A07F64E00F523E1 /* Task+Extensions.swift in Sources */,
				BBA338532A01CE330070F91E /* CompanyImageView.swift in Sources */,
				BBA3380C2A00391F0070F91E /* SmartStocksApp.swift in Sources */,
				BBA338292A00B5AA0070F91E /* Double+Extensions.swift in Sources */,
				BBA3383B2A019D130070F91E /* ProcessInfo+Extensions.swift in Sources */,
				BBBC18902A048C0000ACE767 /* SearchlistRow.swift in Sources */,
				BBA338352A0165A60070F91E /* SkeletonPlaceholderModifier.swift in Sources */,
			);
			runOnlyForDeploymentPostprocessing = 0;
		};
/* End PBXSourcesBuildPhase section */

/* Begin XCBuildConfiguration section */
		BBA338152A0039210070F91E /* Debug */ = {
			isa = XCBuildConfiguration;
			buildSettings = {
				ALWAYS_SEARCH_USER_PATHS = NO;
				CLANG_ANALYZER_NONNULL = YES;
				CLANG_ANALYZER_NUMBER_OBJECT_CONVERSION = YES_AGGRESSIVE;
				CLANG_CXX_LANGUAGE_STANDARD = "gnu++20";
				CLANG_ENABLE_MODULES = YES;
				CLANG_ENABLE_OBJC_ARC = YES;
				CLANG_ENABLE_OBJC_WEAK = YES;
				CLANG_WARN_BLOCK_CAPTURE_AUTORELEASING = YES;
				CLANG_WARN_BOOL_CONVERSION = YES;
				CLANG_WARN_COMMA = YES;
				CLANG_WARN_CONSTANT_CONVERSION = YES;
				CLANG_WARN_DEPRECATED_OBJC_IMPLEMENTATIONS = YES;
				CLANG_WARN_DIRECT_OBJC_ISA_USAGE = YES_ERROR;
				CLANG_WARN_DOCUMENTATION_COMMENTS = YES;
				CLANG_WARN_EMPTY_BODY = YES;
				CLANG_WARN_ENUM_CONVERSION = YES;
				CLANG_WARN_INFINITE_RECURSION = YES;
				CLANG_WARN_INT_CONVERSION = YES;
				CLANG_WARN_NON_LITERAL_NULL_CONVERSION = YES;
				CLANG_WARN_OBJC_IMPLICIT_RETAIN_SELF = YES;
				CLANG_WARN_OBJC_LITERAL_CONVERSION = YES;
				CLANG_WARN_OBJC_ROOT_CLASS = YES_ERROR;
				CLANG_WARN_QUOTED_INCLUDE_IN_FRAMEWORK_HEADER = YES;
				CLANG_WARN_RANGE_LOOP_ANALYSIS = YES;
				CLANG_WARN_STRICT_PROTOTYPES = YES;
				CLANG_WARN_SUSPICIOUS_MOVE = YES;
				CLANG_WARN_UNGUARDED_AVAILABILITY = YES_AGGRESSIVE;
				CLANG_WARN_UNREACHABLE_CODE = YES;
				CLANG_WARN__DUPLICATE_METHOD_MATCH = YES;
				COPY_PHASE_STRIP = NO;
				DEBUG_INFORMATION_FORMAT = dwarf;
				ENABLE_STRICT_OBJC_MSGSEND = YES;
				ENABLE_TESTABILITY = YES;
				GCC_C_LANGUAGE_STANDARD = gnu11;
				GCC_DYNAMIC_NO_PIC = NO;
				GCC_NO_COMMON_BLOCKS = YES;
				GCC_OPTIMIZATION_LEVEL = 0;
				GCC_PREPROCESSOR_DEFINITIONS = (
					"DEBUG=1",
					"$(inherited)",
				);
				GCC_WARN_64_TO_32_BIT_CONVERSION = YES;
				GCC_WARN_ABOUT_RETURN_TYPE = YES_ERROR;
				GCC_WARN_UNDECLARED_SELECTOR = YES;
				GCC_WARN_UNINITIALIZED_AUTOS = YES_AGGRESSIVE;
				GCC_WARN_UNUSED_FUNCTION = YES;
				GCC_WARN_UNUSED_VARIABLE = YES;
				MTL_ENABLE_DEBUG_INFO = INCLUDE_SOURCE;
				MTL_FAST_MATH = YES;
				ONLY_ACTIVE_ARCH = YES;
				SWIFT_ACTIVE_COMPILATION_CONDITIONS = DEBUG;
				SWIFT_OPTIMIZATION_LEVEL = "-Onone";
			};
			name = Debug;
		};
		BBA338162A0039210070F91E /* Release */ = {
			isa = XCBuildConfiguration;
			buildSettings = {
				ALWAYS_SEARCH_USER_PATHS = NO;
				CLANG_ANALYZER_NONNULL = YES;
				CLANG_ANALYZER_NUMBER_OBJECT_CONVERSION = YES_AGGRESSIVE;
				CLANG_CXX_LANGUAGE_STANDARD = "gnu++20";
				CLANG_ENABLE_MODULES = YES;
				CLANG_ENABLE_OBJC_ARC = YES;
				CLANG_ENABLE_OBJC_WEAK = YES;
				CLANG_WARN_BLOCK_CAPTURE_AUTORELEASING = YES;
				CLANG_WARN_BOOL_CONVERSION = YES;
				CLANG_WARN_COMMA = YES;
				CLANG_WARN_CONSTANT_CONVERSION = YES;
				CLANG_WARN_DEPRECATED_OBJC_IMPLEMENTATIONS = YES;
				CLANG_WARN_DIRECT_OBJC_ISA_USAGE = YES_ERROR;
				CLANG_WARN_DOCUMENTATION_COMMENTS = YES;
				CLANG_WARN_EMPTY_BODY = YES;
				CLANG_WARN_ENUM_CONVERSION = YES;
				CLANG_WARN_INFINITE_RECURSION = YES;
				CLANG_WARN_INT_CONVERSION = YES;
				CLANG_WARN_NON_LITERAL_NULL_CONVERSION = YES;
				CLANG_WARN_OBJC_IMPLICIT_RETAIN_SELF = YES;
				CLANG_WARN_OBJC_LITERAL_CONVERSION = YES;
				CLANG_WARN_OBJC_ROOT_CLASS = YES_ERROR;
				CLANG_WARN_QUOTED_INCLUDE_IN_FRAMEWORK_HEADER = YES;
				CLANG_WARN_RANGE_LOOP_ANALYSIS = YES;
				CLANG_WARN_STRICT_PROTOTYPES = YES;
				CLANG_WARN_SUSPICIOUS_MOVE = YES;
				CLANG_WARN_UNGUARDED_AVAILABILITY = YES_AGGRESSIVE;
				CLANG_WARN_UNREACHABLE_CODE = YES;
				CLANG_WARN__DUPLICATE_METHOD_MATCH = YES;
				COPY_PHASE_STRIP = NO;
				DEBUG_INFORMATION_FORMAT = "dwarf-with-dsym";
				ENABLE_NS_ASSERTIONS = NO;
				ENABLE_STRICT_OBJC_MSGSEND = YES;
				GCC_C_LANGUAGE_STANDARD = gnu11;
				GCC_NO_COMMON_BLOCKS = YES;
				GCC_WARN_64_TO_32_BIT_CONVERSION = YES;
				GCC_WARN_ABOUT_RETURN_TYPE = YES_ERROR;
				GCC_WARN_UNDECLARED_SELECTOR = YES;
				GCC_WARN_UNINITIALIZED_AUTOS = YES_AGGRESSIVE;
				GCC_WARN_UNUSED_FUNCTION = YES;
				GCC_WARN_UNUSED_VARIABLE = YES;
				MTL_ENABLE_DEBUG_INFO = NO;
				MTL_FAST_MATH = YES;
				SWIFT_COMPILATION_MODE = wholemodule;
				SWIFT_OPTIMIZATION_LEVEL = "-O";
			};
			name = Release;
		};
		BBA338182A0039210070F91E /* Debug */ = {
			isa = XCBuildConfiguration;
			buildSettings = {
				ASSETCATALOG_COMPILER_APPICON_NAME = AppIcon;
				ASSETCATALOG_COMPILER_GLOBAL_ACCENT_COLOR_NAME = AccentColor;
				CODE_SIGN_ENTITLEMENTS = SmartStocks/SmartStocks.entitlements;
				CODE_SIGN_STYLE = Automatic;
				CURRENT_PROJECT_VERSION = 1;
				DEVELOPMENT_ASSET_PATHS = "SmartStocks/Preview\\ Content";
				DEVELOPMENT_TEAM = QA23EPZ5C9;
				ENABLE_HARDENED_RUNTIME = YES;
				ENABLE_PREVIEWS = YES;
				GENERATE_INFOPLIST_FILE = YES;
				"INFOPLIST_KEY_UIApplicationSceneManifest_Generation[sdk=iphoneos*]" = YES;
				"INFOPLIST_KEY_UIApplicationSceneManifest_Generation[sdk=iphonesimulator*]" = YES;
				"INFOPLIST_KEY_UIApplicationSupportsIndirectInputEvents[sdk=iphoneos*]" = YES;
				"INFOPLIST_KEY_UIApplicationSupportsIndirectInputEvents[sdk=iphonesimulator*]" = YES;
				"INFOPLIST_KEY_UILaunchScreen_Generation[sdk=iphoneos*]" = YES;
				"INFOPLIST_KEY_UILaunchScreen_Generation[sdk=iphonesimulator*]" = YES;
				"INFOPLIST_KEY_UIStatusBarStyle[sdk=iphoneos*]" = UIStatusBarStyleDefault;
				"INFOPLIST_KEY_UIStatusBarStyle[sdk=iphonesimulator*]" = UIStatusBarStyleDefault;
				INFOPLIST_KEY_UISupportedInterfaceOrientations_iPad = "UIInterfaceOrientationPortrait UIInterfaceOrientationPortraitUpsideDown UIInterfaceOrientationLandscapeLeft UIInterfaceOrientationLandscapeRight";
				INFOPLIST_KEY_UISupportedInterfaceOrientations_iPhone = "UIInterfaceOrientationPortrait UIInterfaceOrientationLandscapeLeft UIInterfaceOrientationLandscapeRight";
				IPHONEOS_DEPLOYMENT_TARGET = 16.4;
				LD_RUNPATH_SEARCH_PATHS = "@executable_path/Frameworks";
				"LD_RUNPATH_SEARCH_PATHS[sdk=macosx*]" = "@executable_path/../Frameworks";
				MACOSX_DEPLOYMENT_TARGET = 13.3;
				MARKETING_VERSION = 1.0;
				PRODUCT_BUNDLE_IDENTIFIER = com.felfoldy.SmartStocks;
				PRODUCT_NAME = "$(TARGET_NAME)";
				SDKROOT = auto;
				SUPPORTED_PLATFORMS = "iphoneos iphonesimulator macosx";
				SWIFT_EMIT_LOC_STRINGS = YES;
				SWIFT_VERSION = 5.0;
				TARGETED_DEVICE_FAMILY = "1,2";
			};
			name = Debug;
		};
		BBA338192A0039210070F91E /* Release */ = {
			isa = XCBuildConfiguration;
			buildSettings = {
				ASSETCATALOG_COMPILER_APPICON_NAME = AppIcon;
				ASSETCATALOG_COMPILER_GLOBAL_ACCENT_COLOR_NAME = AccentColor;
				CODE_SIGN_ENTITLEMENTS = SmartStocks/SmartStocks.entitlements;
				CODE_SIGN_STYLE = Automatic;
				CURRENT_PROJECT_VERSION = 1;
				DEVELOPMENT_ASSET_PATHS = "SmartStocks/Preview\\ Content";
				DEVELOPMENT_TEAM = QA23EPZ5C9;
				ENABLE_HARDENED_RUNTIME = YES;
				ENABLE_PREVIEWS = YES;
				GENERATE_INFOPLIST_FILE = YES;
				"INFOPLIST_KEY_UIApplicationSceneManifest_Generation[sdk=iphoneos*]" = YES;
				"INFOPLIST_KEY_UIApplicationSceneManifest_Generation[sdk=iphonesimulator*]" = YES;
				"INFOPLIST_KEY_UIApplicationSupportsIndirectInputEvents[sdk=iphoneos*]" = YES;
				"INFOPLIST_KEY_UIApplicationSupportsIndirectInputEvents[sdk=iphonesimulator*]" = YES;
				"INFOPLIST_KEY_UILaunchScreen_Generation[sdk=iphoneos*]" = YES;
				"INFOPLIST_KEY_UILaunchScreen_Generation[sdk=iphonesimulator*]" = YES;
				"INFOPLIST_KEY_UIStatusBarStyle[sdk=iphoneos*]" = UIStatusBarStyleDefault;
				"INFOPLIST_KEY_UIStatusBarStyle[sdk=iphonesimulator*]" = UIStatusBarStyleDefault;
				INFOPLIST_KEY_UISupportedInterfaceOrientations_iPad = "UIInterfaceOrientationPortrait UIInterfaceOrientationPortraitUpsideDown UIInterfaceOrientationLandscapeLeft UIInterfaceOrientationLandscapeRight";
				INFOPLIST_KEY_UISupportedInterfaceOrientations_iPhone = "UIInterfaceOrientationPortrait UIInterfaceOrientationLandscapeLeft UIInterfaceOrientationLandscapeRight";
				IPHONEOS_DEPLOYMENT_TARGET = 16.4;
				LD_RUNPATH_SEARCH_PATHS = "@executable_path/Frameworks";
				"LD_RUNPATH_SEARCH_PATHS[sdk=macosx*]" = "@executable_path/../Frameworks";
				MACOSX_DEPLOYMENT_TARGET = 13.3;
				MARKETING_VERSION = 1.0;
				PRODUCT_BUNDLE_IDENTIFIER = com.felfoldy.SmartStocks;
				PRODUCT_NAME = "$(TARGET_NAME)";
				SDKROOT = auto;
				SUPPORTED_PLATFORMS = "iphoneos iphonesimulator macosx";
				SWIFT_EMIT_LOC_STRINGS = YES;
				SWIFT_VERSION = 5.0;
				TARGETED_DEVICE_FAMILY = "1,2";
			};
			name = Release;
		};
/* End XCBuildConfiguration section */

/* Begin XCConfigurationList section */
		BBA338032A00391F0070F91E /* Build configuration list for PBXProject "SmartStocks" */ = {
			isa = XCConfigurationList;
			buildConfigurations = (
				BBA338152A0039210070F91E /* Debug */,
				BBA338162A0039210070F91E /* Release */,
			);
			defaultConfigurationIsVisible = 0;
			defaultConfigurationName = Release;
		};
		BBA338172A0039210070F91E /* Build configuration list for PBXNativeTarget "SmartStocks" */ = {
			isa = XCConfigurationList;
			buildConfigurations = (
				BBA338182A0039210070F91E /* Debug */,
				BBA338192A0039210070F91E /* Release */,
			);
			defaultConfigurationIsVisible = 0;
			defaultConfigurationName = Release;
		};
/* End XCConfigurationList section */

/* Begin XCRemoteSwiftPackageReference section */
		BBA338512A01CE140070F91E /* XCRemoteSwiftPackageReference "SwiftSVG" */ = {
			isa = XCRemoteSwiftPackageReference;
			repositoryURL = "https://github.com/mchoe/SwiftSVG";
			requirement = {
				branch = master;
				kind = branch;
			};
		};
/* End XCRemoteSwiftPackageReference section */

/* Begin XCSwiftPackageProductDependency section */
		BB7C0BAE2A083CAE00D44CA8 /* API */ = {
			isa = XCSwiftPackageProductDependency;
			productName = API;
		};
		BBA3381C2A005E700070F91E /* StockServices */ = {
			isa = XCSwiftPackageProductDependency;
			productName = StockServices;
		};
		BBA338542A01CFC10070F91E /* SwiftSVG */ = {
			isa = XCSwiftPackageProductDependency;
			package = BBA338512A01CE140070F91E /* XCRemoteSwiftPackageReference "SwiftSVG" */;
			productName = SwiftSVG;
		};
/* End XCSwiftPackageProductDependency section */
	};
	rootObject = BBA338002A00391F0070F91E /* Project object */;
}
